PODS:
  - PromiseKit (4.5.2):
    - PromiseKit/Foundation (= 4.5.2)
    - PromiseKit/QuartzCore (= 4.5.2)
    - PromiseKit/UIKit (= 4.5.2)
  - PromiseKit/CoreLocation (4.5.2):
    - PromiseKit/CorePromise
  - PromiseKit/CorePromise (4.5.2)
  - PromiseKit/Foundation (4.5.2):
    - PromiseKit/CorePromise
  - PromiseKit/QuartzCore (4.5.2):
    - PromiseKit/CorePromise
  - PromiseKit/UIKit (4.5.2):
    - PromiseKit/CorePromise

DEPENDENCIES:
  - PromiseKit
  - PromiseKit/CoreLocation

SPEC CHECKSUMS:
  PromiseKit: 743e497a5f505a470d3bbbf4ce0663c1268af0a4

PODFILE CHECKSUM: df3f3b35b5acd77ef51a075a03f7994229e4bdb3

COCOAPODS: 1.3.1
